<?xml version="1.0" encoding="utf-8"?>
<Project ToolsVersion="4.0" xmlns="http://schemas.microsoft.com/developer/msbuild/2003">
  <ItemGroup>
    <CudaCompile Include="code_1.cu" />
    <CudaCompile Include="dim_variable_exp.cu" />
    <CudaCompile Include="kernel.cu" />
    <CudaCompile Include="two_dim_exp.cu" />
    <CudaCompile Include="exercise_1.cu">
      <Filter>Exercise Programs</Filter>
    </CudaCompile>
    <CudaCompile Include="uniqueIdx_using_two_dim.cu" />
    <CudaCompile Include="2dim_uniqueIdx_example.cu" />
    <CudaCompile Include="blockDim_and_gridDim_example.cu" />
    <CudaCompile Include="blockIdx_example_1.cu" />
    <CudaCompile Include="gridIdx_example_1.cu" />
    <CudaCompile Include="threadIdx_example_1.cu" />
    <CudaCompile Include="2dim_uniqueIdx_example_2.cu" />
    <CudaCompile Include="2dim_uniqueIdx_example_2d2d.cu" />
    <CudaCompile Include="mem_functions_example.cu" />
    <CudaCompile Include="exercise_2.cu">
      <Filter>Exercise Programs</Filter>
    </CudaCompile>
  </ItemGroup>
  <ItemGroup>
    <Filter Include="Exercise Programs">
      <UniqueIdentifier>{a97b20e9-8abf-437a-9689-c94d0a3f28d5}</UniqueIdentifier>
    </Filter>
  </ItemGroup>
</Project>